
Microsoft Visual Studio Solution File, Format Version 11.00
# Visual Studio 2010
Project("{8BC9CEB8-8B4A-11D0-8D11-00A0C91BC942}") = "3_01", "3_1\3_1.vcxproj", "{DBDD2827-DC35-43AC-B95D-7B507B4C6F26}"
EndProject
Project("{8BC9CEB8-8B4A-11D0-8D11-00A0C91BC942}") = "3_02", "3_2\3_2.vcxproj", "{8A776611-EBEC-4E8B-A37B-169215045493}"
EndProject
Project("{8BC9CEB8-8B4A-11D0-8D11-00A0C91BC942}") = "3_03", "3_3\3_3.vcxproj", "{9F7F3500-22E9-4BFD-8CFE-F10B26E3EAAA}"
EndProject
Project("{8BC9CEB8-8B4A-11D0-8D11-00A0C91BC942}") = "3_04", "3_4\3_4.vcxproj", "{E01E3555-67F4-48AB-AE5D-D7F22B8D36B0}"
EndProject
Project("{8BC9CEB8-8B4A-11D0-8D11-00A0C91BC942}") = "3_05", "3_5\3_5.vcxproj", "{4D8C5C55-6167-45E4-8CC7-8B9E9B4E2914}"
EndProject
Project("{8BC9CEB8-8B4A-11D0-8D11-00A0C91BC942}") = "3_06", "3_6\3_6.vcxproj", "{8621B57F-0611-4AD6-BC74-EE7D293AF20D}"
EndProject
Project("{8BC9CEB8-8B4A-11D0-8D11-00A0C91BC942}") = "3_07", "3_7\3_7.vcxproj", "{ADFEA207-BD7E-4290-8ED8-5357F6D211AA}"
EndProject
Project("{8BC9CEB8-8B4A-11D0-8D11-00A0C91BC942}") = "3_08", "3_8\3_8.vcxproj", "{CE4C34FB-A4FE-4D00-80BE-171DA4151FA0}"
EndProject
Project("{8BC9CEB8-8B4A-11D0-8D11-00A0C91BC942}") = "3_09", "3_9\3_9.vcxproj", "{766CCCF4-FD64-4C3B-9B85-A68AA36E41EB}"
EndProject
Project("{8BC9CEB8-8B4A-11D0-8D11-00A0C91BC942}") = "3_10", "3_10\3_10.vcxproj", "{CB101CB2-DDE2-4622-B9EE-DF4A93E2E356}"
EndProject
Project("{8BC9CEB8-8B4A-11D0-8D11-00A0C91BC942}") = "3_11", "3_11\3_11.vcxproj", "{690F9681-2142-4680-90BC-5F56FA50DF7B}"
EndProject
Project("{8BC9CEB8-8B4A-11D0-8D11-00A0C91BC942}") = "3_12", "3_12\3_12.vcxproj", "{00C75451-5F86-4B6B-BEBA-E8A9F991B63E}"
EndProject
Project("{8BC9CEB8-8B4A-11D0-8D11-00A0C91BC942}") = "3_15", "3_15\3_15.vcxproj", "{216F7B50-106B-4E41-AF0E-D86EB7A02029}"
EndProject
Project("{8BC9CEB8-8B4A-11D0-8D11-00A0C91BC942}") = "3_16", "3_16\3_16.vcxproj", "{A5A68D77-129D-4E8D-AA8F-E164619EC816}"
EndProject
Project("{8BC9CEB8-8B4A-11D0-8D11-00A0C91BC942}") = "3_17", "3_17\3_17.vcxproj", "{51C4E1D6-453A-4E24-83BE-EA6A9C371E2B}"
EndProject
Project("{8BC9CEB8-8B4A-11D0-8D11-00A0C91BC942}") = "4_01", "4_1\4_1.vcxproj", "{753ECF04-BC2C-47C3-ADC7-5C50CC30BC30}"
EndProject
Project("{8BC9CEB8-8B4A-11D0-8D11-00A0C91BC942}") = "4_02", "4_2.cpp\4_2.cpp.vcxproj", "{3567E025-D943-49A8-B96B-E21FCE5461CA}"
EndProject
Project("{8BC9CEB8-8B4A-11D0-8D11-00A0C91BC942}") = "4_03", "4_3\4_3.vcxproj", "{3F66BA88-E666-40E1-9293-85591DA86DC4}"
EndProject
Project("{8BC9CEB8-8B4A-11D0-8D11-00A0C91BC942}") = "4_04", "4_4\4_4.vcxproj", "{00994732-F360-43FD-8803-EA4E985D68AE}"
EndProject
Project("{8BC9CEB8-8B4A-11D0-8D11-00A0C91BC942}") = "4_05", "4_5\4_5.vcxproj", "{60983D7B-24AD-4BDD-B7DC-9803590603A9}"
EndProject
Project("{8BC9CEB8-8B4A-11D0-8D11-00A0C91BC942}") = "4_08", "4_8\4_8.vcxproj", "{97C1849A-4F7C-479C-8C32-54B756DEE0FF}"
EndProject
Project("{8BC9CEB8-8B4A-11D0-8D11-00A0C91BC942}") = "4_09", "4_9\4_9.vcxproj", "{D3DB7A50-7631-4E77-AA6C-A042950C6305}"
EndProject
Project("{8BC9CEB8-8B4A-11D0-8D11-00A0C91BC942}") = "4_10", "4_10\4_10.vcxproj", "{3C199CFE-675D-43E3-A116-BBCD17A1F7AF}"
EndProject
Project("{8BC9CEB8-8B4A-11D0-8D11-00A0C91BC942}") = "5_01", "5_01\5_01.vcxproj", "{9D9AE277-6B59-42EB-9652-15A4891253B0}"
EndProject
Project("{8BC9CEB8-8B4A-11D0-8D11-00A0C91BC942}") = "5_02", "5_02\5_02.vcxproj", "{6A8E4885-DDF4-45E9-A0F3-BB421C1CBF06}"
EndProject
Project("{8BC9CEB8-8B4A-11D0-8D11-00A0C91BC942}") = "5_03", "5_03\5_03.vcxproj", "{7485ABEC-84AE-4598-A34B-78EBFF2C4C9D}"
EndProject
Project("{8BC9CEB8-8B4A-11D0-8D11-00A0C91BC942}") = "5_04", "5_04\5_04.vcxproj", "{DFC57655-CF43-44CD-BCBB-E9C1A8941BF5}"
EndProject
Project("{8BC9CEB8-8B4A-11D0-8D11-00A0C91BC942}") = "5_05", "5_05\5_05.vcxproj", "{E168B8A3-0B8D-4481-88BF-79101F068F91}"
EndProject
Project("{8BC9CEB8-8B4A-11D0-8D11-00A0C91BC942}") = "5_06", "5_06\5_06.vcxproj", "{13BF831D-7350-4679-A893-888ED7CCD9CB}"
EndProject
Project("{8BC9CEB8-8B4A-11D0-8D11-00A0C91BC942}") = "5_07", "5_07\5_07.vcxproj", "{F26EC3EF-A03C-46C2-8B60-8288B1921A25}"
EndProject
Project("{8BC9CEB8-8B4A-11D0-8D11-00A0C91BC942}") = "5_08", "5_8\5_8.vcxproj", "{9E425E46-BDC3-4740-9640-E3696F833413}"
EndProject
Project("{8BC9CEB8-8B4A-11D0-8D11-00A0C91BC942}") = "5_09", "5_09\5_09.vcxproj", "{3B54F32E-7F43-418E-A8C4-0F2087E7AA40}"
EndProject
Project("{8BC9CEB8-8B4A-11D0-8D11-00A0C91BC942}") = "5_10", "5_10\5_10.vcxproj", "{E356DBFB-283F-4D2B-92CB-AC32052E910A}"
EndProject
Project("{8BC9CEB8-8B4A-11D0-8D11-00A0C91BC942}") = "5_11", "5_11\5_11.vcxproj", "{1D7BBFE2-1443-438A-A659-0E6E3ADBAFE6}"
EndProject
Project("{8BC9CEB8-8B4A-11D0-8D11-00A0C91BC942}") = "6_01", "6_01\6_01.vcxproj", "{B98BCB82-C90B-4108-BB56-1AA6710AABDF}"
EndProject
Project("{8BC9CEB8-8B4A-11D0-8D11-00A0C91BC942}") = "6_02", "6_02\6_02.vcxproj", "{15831A67-8B91-4624-B991-2A93B939BA53}"
EndProject
Project("{8BC9CEB8-8B4A-11D0-8D11-00A0C91BC942}") = "6_03", "6_03\6_03.vcxproj", "{4B0927B8-BB0C-41B5-94F4-D8D780AE0AB9}"
EndProject
Project("{8BC9CEB8-8B4A-11D0-8D11-00A0C91BC942}") = "6_04", "6_04\6_04.vcxproj", "{DFCDF1EF-80E9-4C92-9BE2-5A1EEB027280}"
EndProject
Project("{8BC9CEB8-8B4A-11D0-8D11-00A0C91BC942}") = "6_05", "6_05\6_05.vcxproj", "{F8F58382-8DF8-4F0B-B24A-A5AC5C20B1E6}"
EndProject
Project("{8BC9CEB8-8B4A-11D0-8D11-00A0C91BC942}") = "6_06", "6_06\6_06.vcxproj", "{710E967D-2BAE-4062-A169-70E40CC93050}"
EndProject
Project("{8BC9CEB8-8B4A-11D0-8D11-00A0C91BC942}") = "6_07", "6_07\6_07.vcxproj", "{C509807C-0677-4292-88D3-BFA751738051}"
EndProject
Project("{8BC9CEB8-8B4A-11D0-8D11-00A0C91BC942}") = "6_08", "6_08\6_08.vcxproj", "{86D3EA39-63CA-4E8B-9D45-52CF60A82B12}"
EndProject
Project("{8BC9CEB8-8B4A-11D0-8D11-00A0C91BC942}") = "6_09", "6_09.cpp\6_09.cpp.vcxproj", "{2A951278-7496-41CB-9FBF-0D6BBD3DE5C4}"
EndProject
Project("{8BC9CEB8-8B4A-11D0-8D11-00A0C91BC942}") = "6_10", "6_10\6_10.vcxproj", "{DAEF9A70-F083-4574-BB1D-2DC3655842D9}"
EndProject
Project("{8BC9CEB8-8B4A-11D0-8D11-00A0C91BC942}") = "6_11", "6_11\6_11.vcxproj", "{8406A5B0-277F-4EA1-B5BA-653B854F781B}"
EndProject
Project("{8BC9CEB8-8B4A-11D0-8D11-00A0C91BC942}") = "6_12", "6_12\6_12.vcxproj", "{43CB2141-B71C-443C-8CBA-1D81DE431610}"
EndProject
Project("{8BC9CEB8-8B4A-11D0-8D11-00A0C91BC942}") = "6_13", "6_13\6_13.vcxproj", "{B52B2FB1-971A-49A6-A936-6F16FD50DED3}"
EndProject
Project("{8BC9CEB8-8B4A-11D0-8D11-00A0C91BC942}") = "6_14", "6_14\6_14.vcxproj", "{0D08AF3A-4BDE-40BB-8D1B-0BECA025DA46}"
EndProject
Project("{8BC9CEB8-8B4A-11D0-8D11-00A0C91BC942}") = "6_15", "6_15\6_15.vcxproj", "{77269102-3675-4663-9AF3-16CF29417209}"
EndProject
Project("{8BC9CEB8-8B4A-11D0-8D11-00A0C91BC942}") = "6_16", "6_16\6_16.vcxproj", "{0F8B3E7A-EE46-4F6E-A5CC-BB78B217B9D9}"
EndProject
Project("{8BC9CEB8-8B4A-11D0-8D11-00A0C91BC942}") = "6_17", "6_17\6_17.vcxproj", "{F76E80B0-8EDE-4FE2-8258-A9D3E84BACCB}"
EndProject
Project("{8BC9CEB8-8B4A-11D0-8D11-00A0C91BC942}") = "6_18", "6_18\6_18.vcxproj", "{FACAA670-4914-4BD9-9698-02293BD89E17}"
EndProject
Project("{8BC9CEB8-8B4A-11D0-8D11-00A0C91BC942}") = "6_19", "6_19\6_19.vcxproj", "{EB83E6CB-3840-4738-9145-0604BFF4850E}"
EndProject
Project("{8BC9CEB8-8B4A-11D0-8D11-00A0C91BC942}") = "6_20", "6_20\6_20.vcxproj", "{0FFA0D86-7563-4C02-8BE6-4A344EC4F8D2}"
EndProject
Project("{8BC9CEB8-8B4A-11D0-8D11-00A0C91BC942}") = "6_21error示范", "6_21\6_21.vcxproj", "{A36D66BF-4EAC-4CC0-8689-E21244095A5D}"
EndProject
Project("{8BC9CEB8-8B4A-11D0-8D11-00A0C91BC942}") = "6_22", "6_22\6_22.vcxproj", "{25B29E26-8FA0-46F7-B8FF-44DD50BB96B1}"
EndProject
Project("{8BC9CEB8-8B4A-11D0-8D11-00A0C91BC942}") = "6_23", "6_23\6_23.vcxproj", "{E6AFD5DB-178D-4C86-8D24-DBEFFF8A5C4E}"
EndProject
Project("{8BC9CEB8-8B4A-11D0-8D11-00A0C91BC942}") = "test", "test\test.vcxproj", "{D94F3375-513B-4FEC-AA86-4AE1090157D9}"
EndProject
Project("{8BC9CEB8-8B4A-11D0-8D11-00A0C91BC942}") = "6_24", "6_24\6_24.vcxproj", "{18342369-76CE-4112-9879-A0E1636A3EF3}"
EndProject
Project("{8BC9CEB8-8B4A-11D0-8D11-00A0C91BC942}") = "6_25", "6_25\6_25.vcxproj", "{C0FE479C-E392-406C-AE77-2334B1215F35}"
EndProject
Global
	GlobalSection(SolutionConfigurationPlatforms) = preSolution
		Debug|Win32 = Debug|Win32
		Release|Win32 = Release|Win32
	EndGlobalSection
	GlobalSection(ProjectConfigurationPlatforms) = postSolution
		{DBDD2827-DC35-43AC-B95D-7B507B4C6F26}.Debug|Win32.ActiveCfg = Debug|Win32
		{DBDD2827-DC35-43AC-B95D-7B507B4C6F26}.Debug|Win32.Build.0 = Debug|Win32
		{DBDD2827-DC35-43AC-B95D-7B507B4C6F26}.Release|Win32.ActiveCfg = Release|Win32
		{DBDD2827-DC35-43AC-B95D-7B507B4C6F26}.Release|Win32.Build.0 = Release|Win32
		{8A776611-EBEC-4E8B-A37B-169215045493}.Debug|Win32.ActiveCfg = Debug|Win32
		{8A776611-EBEC-4E8B-A37B-169215045493}.Debug|Win32.Build.0 = Debug|Win32
		{8A776611-EBEC-4E8B-A37B-169215045493}.Release|Win32.ActiveCfg = Release|Win32
		{8A776611-EBEC-4E8B-A37B-169215045493}.Release|Win32.Build.0 = Release|Win32
		{9F7F3500-22E9-4BFD-8CFE-F10B26E3EAAA}.Debug|Win32.ActiveCfg = Debug|Win32
		{9F7F3500-22E9-4BFD-8CFE-F10B26E3EAAA}.Debug|Win32.Build.0 = Debug|Win32
		{9F7F3500-22E9-4BFD-8CFE-F10B26E3EAAA}.Release|Win32.ActiveCfg = Release|Win32
		{9F7F3500-22E9-4BFD-8CFE-F10B26E3EAAA}.Release|Win32.Build.0 = Release|Win32
		{E01E3555-67F4-48AB-AE5D-D7F22B8D36B0}.Debug|Win32.ActiveCfg = Debug|Win32
		{E01E3555-67F4-48AB-AE5D-D7F22B8D36B0}.Debug|Win32.Build.0 = Debug|Win32
		{E01E3555-67F4-48AB-AE5D-D7F22B8D36B0}.Release|Win32.ActiveCfg = Release|Win32
		{E01E3555-67F4-48AB-AE5D-D7F22B8D36B0}.Release|Win32.Build.0 = Release|Win32
		{4D8C5C55-6167-45E4-8CC7-8B9E9B4E2914}.Debug|Win32.ActiveCfg = Debug|Win32
		{4D8C5C55-6167-45E4-8CC7-8B9E9B4E2914}.Debug|Win32.Build.0 = Debug|Win32
		{4D8C5C55-6167-45E4-8CC7-8B9E9B4E2914}.Release|Win32.ActiveCfg = Release|Win32
		{4D8C5C55-6167-45E4-8CC7-8B9E9B4E2914}.Release|Win32.Build.0 = Release|Win32
		{8621B57F-0611-4AD6-BC74-EE7D293AF20D}.Debug|Win32.ActiveCfg = Debug|Win32
		{8621B57F-0611-4AD6-BC74-EE7D293AF20D}.Debug|Win32.Build.0 = Debug|Win32
		{8621B57F-0611-4AD6-BC74-EE7D293AF20D}.Release|Win32.ActiveCfg = Release|Win32
		{8621B57F-0611-4AD6-BC74-EE7D293AF20D}.Release|Win32.Build.0 = Release|Win32
		{ADFEA207-BD7E-4290-8ED8-5357F6D211AA}.Debug|Win32.ActiveCfg = Debug|Win32
		{ADFEA207-BD7E-4290-8ED8-5357F6D211AA}.Debug|Win32.Build.0 = Debug|Win32
		{ADFEA207-BD7E-4290-8ED8-5357F6D211AA}.Release|Win32.ActiveCfg = Release|Win32
		{ADFEA207-BD7E-4290-8ED8-5357F6D211AA}.Release|Win32.Build.0 = Release|Win32
		{CE4C34FB-A4FE-4D00-80BE-171DA4151FA0}.Debug|Win32.ActiveCfg = Debug|Win32
		{CE4C34FB-A4FE-4D00-80BE-171DA4151FA0}.Debug|Win32.Build.0 = Debug|Win32
		{CE4C34FB-A4FE-4D00-80BE-171DA4151FA0}.Release|Win32.ActiveCfg = Release|Win32
		{CE4C34FB-A4FE-4D00-80BE-171DA4151FA0}.Release|Win32.Build.0 = Release|Win32
		{766CCCF4-FD64-4C3B-9B85-A68AA36E41EB}.Debug|Win32.ActiveCfg = Debug|Win32
		{766CCCF4-FD64-4C3B-9B85-A68AA36E41EB}.Debug|Win32.Build.0 = Debug|Win32
		{766CCCF4-FD64-4C3B-9B85-A68AA36E41EB}.Release|Win32.ActiveCfg = Release|Win32
		{766CCCF4-FD64-4C3B-9B85-A68AA36E41EB}.Release|Win32.Build.0 = Release|Win32
		{CB101CB2-DDE2-4622-B9EE-DF4A93E2E356}.Debug|Win32.ActiveCfg = Debug|Win32
		{CB101CB2-DDE2-4622-B9EE-DF4A93E2E356}.Debug|Win32.Build.0 = Debug|Win32
		{CB101CB2-DDE2-4622-B9EE-DF4A93E2E356}.Release|Win32.ActiveCfg = Release|Win32
		{CB101CB2-DDE2-4622-B9EE-DF4A93E2E356}.Release|Win32.Build.0 = Release|Win32
		{690F9681-2142-4680-90BC-5F56FA50DF7B}.Debug|Win32.ActiveCfg = Debug|Win32
		{690F9681-2142-4680-90BC-5F56FA50DF7B}.Debug|Win32.Build.0 = Debug|Win32
		{690F9681-2142-4680-90BC-5F56FA50DF7B}.Release|Win32.ActiveCfg = Release|Win32
		{690F9681-2142-4680-90BC-5F56FA50DF7B}.Release|Win32.Build.0 = Release|Win32
		{00C75451-5F86-4B6B-BEBA-E8A9F991B63E}.Debug|Win32.ActiveCfg = Debug|Win32
		{00C75451-5F86-4B6B-BEBA-E8A9F991B63E}.Debug|Win32.Build.0 = Debug|Win32
		{00C75451-5F86-4B6B-BEBA-E8A9F991B63E}.Release|Win32.ActiveCfg = Release|Win32
		{00C75451-5F86-4B6B-BEBA-E8A9F991B63E}.Release|Win32.Build.0 = Release|Win32
		{216F7B50-106B-4E41-AF0E-D86EB7A02029}.Debug|Win32.ActiveCfg = Debug|Win32
		{216F7B50-106B-4E41-AF0E-D86EB7A02029}.Debug|Win32.Build.0 = Debug|Win32
		{216F7B50-106B-4E41-AF0E-D86EB7A02029}.Release|Win32.ActiveCfg = Release|Win32
		{216F7B50-106B-4E41-AF0E-D86EB7A02029}.Release|Win32.Build.0 = Release|Win32
		{A5A68D77-129D-4E8D-AA8F-E164619EC816}.Debug|Win32.ActiveCfg = Debug|Win32
		{A5A68D77-129D-4E8D-AA8F-E164619EC816}.Debug|Win32.Build.0 = Debug|Win32
		{A5A68D77-129D-4E8D-AA8F-E164619EC816}.Release|Win32.ActiveCfg = Release|Win32
		{A5A68D77-129D-4E8D-AA8F-E164619EC816}.Release|Win32.Build.0 = Release|Win32
		{51C4E1D6-453A-4E24-83BE-EA6A9C371E2B}.Debug|Win32.ActiveCfg = Debug|Win32
		{51C4E1D6-453A-4E24-83BE-EA6A9C371E2B}.Debug|Win32.Build.0 = Debug|Win32
		{51C4E1D6-453A-4E24-83BE-EA6A9C371E2B}.Release|Win32.ActiveCfg = Release|Win32
		{51C4E1D6-453A-4E24-83BE-EA6A9C371E2B}.Release|Win32.Build.0 = Release|Win32
		{753ECF04-BC2C-47C3-ADC7-5C50CC30BC30}.Debug|Win32.ActiveCfg = Debug|Win32
		{753ECF04-BC2C-47C3-ADC7-5C50CC30BC30}.Debug|Win32.Build.0 = Debug|Win32
		{753ECF04-BC2C-47C3-ADC7-5C50CC30BC30}.Release|Win32.ActiveCfg = Release|Win32
		{753ECF04-BC2C-47C3-ADC7-5C50CC30BC30}.Release|Win32.Build.0 = Release|Win32
		{3567E025-D943-49A8-B96B-E21FCE5461CA}.Debug|Win32.ActiveCfg = Debug|Win32
		{3567E025-D943-49A8-B96B-E21FCE5461CA}.Debug|Win32.Build.0 = Debug|Win32
		{3567E025-D943-49A8-B96B-E21FCE5461CA}.Release|Win32.ActiveCfg = Release|Win32
		{3567E025-D943-49A8-B96B-E21FCE5461CA}.Release|Win32.Build.0 = Release|Win32
		{3F66BA88-E666-40E1-9293-85591DA86DC4}.Debug|Win32.ActiveCfg = Debug|Win32
		{3F66BA88-E666-40E1-9293-85591DA86DC4}.Debug|Win32.Build.0 = Debug|Win32
		{3F66BA88-E666-40E1-9293-85591DA86DC4}.Release|Win32.ActiveCfg = Release|Win32
		{3F66BA88-E666-40E1-9293-85591DA86DC4}.Release|Win32.Build.0 = Release|Win32
		{00994732-F360-43FD-8803-EA4E985D68AE}.Debug|Win32.ActiveCfg = Debug|Win32
		{00994732-F360-43FD-8803-EA4E985D68AE}.Debug|Win32.Build.0 = Debug|Win32
		{00994732-F360-43FD-8803-EA4E985D68AE}.Release|Win32.ActiveCfg = Release|Win32
		{00994732-F360-43FD-8803-EA4E985D68AE}.Release|Win32.Build.0 = Release|Win32
		{60983D7B-24AD-4BDD-B7DC-9803590603A9}.Debug|Win32.ActiveCfg = Debug|Win32
		{60983D7B-24AD-4BDD-B7DC-9803590603A9}.Debug|Win32.Build.0 = Debug|Win32
		{60983D7B-24AD-4BDD-B7DC-9803590603A9}.Release|Win32.ActiveCfg = Release|Win32
		{60983D7B-24AD-4BDD-B7DC-9803590603A9}.Release|Win32.Build.0 = Release|Win32
		{97C1849A-4F7C-479C-8C32-54B756DEE0FF}.Debug|Win32.ActiveCfg = Debug|Win32
		{97C1849A-4F7C-479C-8C32-54B756DEE0FF}.Debug|Win32.Build.0 = Debug|Win32
		{97C1849A-4F7C-479C-8C32-54B756DEE0FF}.Release|Win32.ActiveCfg = Release|Win32
		{97C1849A-4F7C-479C-8C32-54B756DEE0FF}.Release|Win32.Build.0 = Release|Win32
		{D3DB7A50-7631-4E77-AA6C-A042950C6305}.Debug|Win32.ActiveCfg = Debug|Win32
		{D3DB7A50-7631-4E77-AA6C-A042950C6305}.Debug|Win32.Build.0 = Debug|Win32
		{D3DB7A50-7631-4E77-AA6C-A042950C6305}.Release|Win32.ActiveCfg = Release|Win32
		{D3DB7A50-7631-4E77-AA6C-A042950C6305}.Release|Win32.Build.0 = Release|Win32
		{3C199CFE-675D-43E3-A116-BBCD17A1F7AF}.Debug|Win32.ActiveCfg = Debug|Win32
		{3C199CFE-675D-43E3-A116-BBCD17A1F7AF}.Debug|Win32.Build.0 = Debug|Win32
		{3C199CFE-675D-43E3-A116-BBCD17A1F7AF}.Release|Win32.ActiveCfg = Release|Win32
		{3C199CFE-675D-43E3-A116-BBCD17A1F7AF}.Release|Win32.Build.0 = Release|Win32
		{9D9AE277-6B59-42EB-9652-15A4891253B0}.Debug|Win32.ActiveCfg = Debug|Win32
		{9D9AE277-6B59-42EB-9652-15A4891253B0}.Debug|Win32.Build.0 = Debug|Win32
		{9D9AE277-6B59-42EB-9652-15A4891253B0}.Release|Win32.ActiveCfg = Release|Win32
		{9D9AE277-6B59-42EB-9652-15A4891253B0}.Release|Win32.Build.0 = Release|Win32
		{6A8E4885-DDF4-45E9-A0F3-BB421C1CBF06}.Debug|Win32.ActiveCfg = Debug|Win32
		{6A8E4885-DDF4-45E9-A0F3-BB421C1CBF06}.Debug|Win32.Build.0 = Debug|Win32
		{6A8E4885-DDF4-45E9-A0F3-BB421C1CBF06}.Release|Win32.ActiveCfg = Release|Win32
		{6A8E4885-DDF4-45E9-A0F3-BB421C1CBF06}.Release|Win32.Build.0 = Release|Win32
		{7485ABEC-84AE-4598-A34B-78EBFF2C4C9D}.Debug|Win32.ActiveCfg = Debug|Win32
		{7485ABEC-84AE-4598-A34B-78EBFF2C4C9D}.Debug|Win32.Build.0 = Debug|Win32
		{7485ABEC-84AE-4598-A34B-78EBFF2C4C9D}.Release|Win32.ActiveCfg = Release|Win32
		{7485ABEC-84AE-4598-A34B-78EBFF2C4C9D}.Release|Win32.Build.0 = Release|Win32
		{DFC57655-CF43-44CD-BCBB-E9C1A8941BF5}.Debug|Win32.ActiveCfg = Debug|Win32
		{DFC57655-CF43-44CD-BCBB-E9C1A8941BF5}.Debug|Win32.Build.0 = Debug|Win32
		{DFC57655-CF43-44CD-BCBB-E9C1A8941BF5}.Release|Win32.ActiveCfg = Release|Win32
		{DFC57655-CF43-44CD-BCBB-E9C1A8941BF5}.Release|Win32.Build.0 = Release|Win32
		{E168B8A3-0B8D-4481-88BF-79101F068F91}.Debug|Win32.ActiveCfg = Debug|Win32
		{E168B8A3-0B8D-4481-88BF-79101F068F91}.Debug|Win32.Build.0 = Debug|Win32
		{E168B8A3-0B8D-4481-88BF-79101F068F91}.Release|Win32.ActiveCfg = Release|Win32
		{E168B8A3-0B8D-4481-88BF-79101F068F91}.Release|Win32.Build.0 = Release|Win32
		{13BF831D-7350-4679-A893-888ED7CCD9CB}.Debug|Win32.ActiveCfg = Debug|Win32
		{13BF831D-7350-4679-A893-888ED7CCD9CB}.Debug|Win32.Build.0 = Debug|Win32
		{13BF831D-7350-4679-A893-888ED7CCD9CB}.Release|Win32.ActiveCfg = Release|Win32
		{13BF831D-7350-4679-A893-888ED7CCD9CB}.Release|Win32.Build.0 = Release|Win32
		{F26EC3EF-A03C-46C2-8B60-8288B1921A25}.Debug|Win32.ActiveCfg = Debug|Win32
		{F26EC3EF-A03C-46C2-8B60-8288B1921A25}.Debug|Win32.Build.0 = Debug|Win32
		{F26EC3EF-A03C-46C2-8B60-8288B1921A25}.Release|Win32.ActiveCfg = Release|Win32
		{F26EC3EF-A03C-46C2-8B60-8288B1921A25}.Release|Win32.Build.0 = Release|Win32
		{9E425E46-BDC3-4740-9640-E3696F833413}.Debug|Win32.ActiveCfg = Debug|Win32
		{9E425E46-BDC3-4740-9640-E3696F833413}.Debug|Win32.Build.0 = Debug|Win32
		{9E425E46-BDC3-4740-9640-E3696F833413}.Release|Win32.ActiveCfg = Release|Win32
		{9E425E46-BDC3-4740-9640-E3696F833413}.Release|Win32.Build.0 = Release|Win32
		{3B54F32E-7F43-418E-A8C4-0F2087E7AA40}.Debug|Win32.ActiveCfg = Debug|Win32
		{3B54F32E-7F43-418E-A8C4-0F2087E7AA40}.Debug|Win32.Build.0 = Debug|Win32
		{3B54F32E-7F43-418E-A8C4-0F2087E7AA40}.Release|Win32.ActiveCfg = Release|Win32
		{3B54F32E-7F43-418E-A8C4-0F2087E7AA40}.Release|Win32.Build.0 = Release|Win32
		{E356DBFB-283F-4D2B-92CB-AC32052E910A}.Debug|Win32.ActiveCfg = Debug|Win32
		{E356DBFB-283F-4D2B-92CB-AC32052E910A}.Debug|Win32.Build.0 = Debug|Win32
		{E356DBFB-283F-4D2B-92CB-AC32052E910A}.Release|Win32.ActiveCfg = Release|Win32
		{E356DBFB-283F-4D2B-92CB-AC32052E910A}.Release|Win32.Build.0 = Release|Win32
		{1D7BBFE2-1443-438A-A659-0E6E3ADBAFE6}.Debug|Win32.ActiveCfg = Debug|Win32
		{1D7BBFE2-1443-438A-A659-0E6E3ADBAFE6}.Debug|Win32.Build.0 = Debug|Win32
		{1D7BBFE2-1443-438A-A659-0E6E3ADBAFE6}.Release|Win32.ActiveCfg = Release|Win32
		{1D7BBFE2-1443-438A-A659-0E6E3ADBAFE6}.Release|Win32.Build.0 = Release|Win32
		{B98BCB82-C90B-4108-BB56-1AA6710AABDF}.Debug|Win32.ActiveCfg = Debug|Win32
		{B98BCB82-C90B-4108-BB56-1AA6710AABDF}.Debug|Win32.Build.0 = Debug|Win32
		{B98BCB82-C90B-4108-BB56-1AA6710AABDF}.Release|Win32.ActiveCfg = Release|Win32
		{B98BCB82-C90B-4108-BB56-1AA6710AABDF}.Release|Win32.Build.0 = Release|Win32
		{15831A67-8B91-4624-B991-2A93B939BA53}.Debug|Win32.ActiveCfg = Debug|Win32
		{15831A67-8B91-4624-B991-2A93B939BA53}.Debug|Win32.Build.0 = Debug|Win32
		{15831A67-8B91-4624-B991-2A93B939BA53}.Release|Win32.ActiveCfg = Release|Win32
		{15831A67-8B91-4624-B991-2A93B939BA53}.Release|Win32.Build.0 = Release|Win32
		{4B0927B8-BB0C-41B5-94F4-D8D780AE0AB9}.Debug|Win32.ActiveCfg = Debug|Win32
		{4B0927B8-BB0C-41B5-94F4-D8D780AE0AB9}.Debug|Win32.Build.0 = Debug|Win32
		{4B0927B8-BB0C-41B5-94F4-D8D780AE0AB9}.Release|Win32.ActiveCfg = Release|Win32
		{4B0927B8-BB0C-41B5-94F4-D8D780AE0AB9}.Release|Win32.Build.0 = Release|Win32
		{DFCDF1EF-80E9-4C92-9BE2-5A1EEB027280}.Debug|Win32.ActiveCfg = Debug|Win32
		{DFCDF1EF-80E9-4C92-9BE2-5A1EEB027280}.Debug|Win32.Build.0 = Debug|Win32
		{DFCDF1EF-80E9-4C92-9BE2-5A1EEB027280}.Release|Win32.ActiveCfg = Release|Win32
		{DFCDF1EF-80E9-4C92-9BE2-5A1EEB027280}.Release|Win32.Build.0 = Release|Win32
		{F8F58382-8DF8-4F0B-B24A-A5AC5C20B1E6}.Debug|Win32.ActiveCfg = Debug|Win32
		{F8F58382-8DF8-4F0B-B24A-A5AC5C20B1E6}.Debug|Win32.Build.0 = Debug|Win32
		{F8F58382-8DF8-4F0B-B24A-A5AC5C20B1E6}.Release|Win32.ActiveCfg = Release|Win32
		{F8F58382-8DF8-4F0B-B24A-A5AC5C20B1E6}.Release|Win32.Build.0 = Release|Win32
		{710E967D-2BAE-4062-A169-70E40CC93050}.Debug|Win32.ActiveCfg = Debug|Win32
		{710E967D-2BAE-4062-A169-70E40CC93050}.Debug|Win32.Build.0 = Debug|Win32
		{710E967D-2BAE-4062-A169-70E40CC93050}.Release|Win32.ActiveCfg = Release|Win32
		{710E967D-2BAE-4062-A169-70E40CC93050}.Release|Win32.Build.0 = Release|Win32
		{C509807C-0677-4292-88D3-BFA751738051}.Debug|Win32.ActiveCfg = Debug|Win32
		{C509807C-0677-4292-88D3-BFA751738051}.Debug|Win32.Build.0 = Debug|Win32
		{C509807C-0677-4292-88D3-BFA751738051}.Release|Win32.ActiveCfg = Release|Win32
		{C509807C-0677-4292-88D3-BFA751738051}.Release|Win32.Build.0 = Release|Win32
		{86D3EA39-63CA-4E8B-9D45-52CF60A82B12}.Debug|Win32.ActiveCfg = Debug|Win32
		{86D3EA39-63CA-4E8B-9D45-52CF60A82B12}.Debug|Win32.Build.0 = Debug|Win32
		{86D3EA39-63CA-4E8B-9D45-52CF60A82B12}.Release|Win32.ActiveCfg = Release|Win32
		{86D3EA39-63CA-4E8B-9D45-52CF60A82B12}.Release|Win32.Build.0 = Release|Win32
		{2A951278-7496-41CB-9FBF-0D6BBD3DE5C4}.Debug|Win32.ActiveCfg = Debug|Win32
		{2A951278-7496-41CB-9FBF-0D6BBD3DE5C4}.Debug|Win32.Build.0 = Debug|Win32
		{2A951278-7496-41CB-9FBF-0D6BBD3DE5C4}.Release|Win32.ActiveCfg = Release|Win32
		{2A951278-7496-41CB-9FBF-0D6BBD3DE5C4}.Release|Win32.Build.0 = Release|Win32
		{DAEF9A70-F083-4574-BB1D-2DC3655842D9}.Debug|Win32.ActiveCfg = Debug|Win32
		{DAEF9A70-F083-4574-BB1D-2DC3655842D9}.Debug|Win32.Build.0 = Debug|Win32
		{DAEF9A70-F083-4574-BB1D-2DC3655842D9}.Release|Win32.ActiveCfg = Release|Win32
		{DAEF9A70-F083-4574-BB1D-2DC3655842D9}.Release|Win32.Build.0 = Release|Win32
		{8406A5B0-277F-4EA1-B5BA-653B854F781B}.Debug|Win32.ActiveCfg = Debug|Win32
		{8406A5B0-277F-4EA1-B5BA-653B854F781B}.Debug|Win32.Build.0 = Debug|Win32
		{8406A5B0-277F-4EA1-B5BA-653B854F781B}.Release|Win32.ActiveCfg = Release|Win32
		{8406A5B0-277F-4EA1-B5BA-653B854F781B}.Release|Win32.Build.0 = Release|Win32
		{43CB2141-B71C-443C-8CBA-1D81DE431610}.Debug|Win32.ActiveCfg = Debug|Win32
		{43CB2141-B71C-443C-8CBA-1D81DE431610}.Debug|Win32.Build.0 = Debug|Win32
		{43CB2141-B71C-443C-8CBA-1D81DE431610}.Release|Win32.ActiveCfg = Release|Win32
		{43CB2141-B71C-443C-8CBA-1D81DE431610}.Release|Win32.Build.0 = Release|Win32
		{B52B2FB1-971A-49A6-A936-6F16FD50DED3}.Debug|Win32.ActiveCfg = Debug|Win32
		{B52B2FB1-971A-49A6-A936-6F16FD50DED3}.Debug|Win32.Build.0 = Debug|Win32
		{B52B2FB1-971A-49A6-A936-6F16FD50DED3}.Release|Win32.ActiveCfg = Release|Win32
		{B52B2FB1-971A-49A6-A936-6F16FD50DED3}.Release|Win32.Build.0 = Release|Win32
		{0D08AF3A-4BDE-40BB-8D1B-0BECA025DA46}.Debug|Win32.ActiveCfg = Debug|Win32
		{0D08AF3A-4BDE-40BB-8D1B-0BECA025DA46}.Debug|Win32.Build.0 = Debug|Win32
		{0D08AF3A-4BDE-40BB-8D1B-0BECA025DA46}.Release|Win32.ActiveCfg = Release|Win32
		{0D08AF3A-4BDE-40BB-8D1B-0BECA025DA46}.Release|Win32.Build.0 = Release|Win32
		{77269102-3675-4663-9AF3-16CF29417209}.Debug|Win32.ActiveCfg = Debug|Win32
		{77269102-3675-4663-9AF3-16CF29417209}.Debug|Win32.Build.0 = Debug|Win32
		{77269102-3675-4663-9AF3-16CF29417209}.Release|Win32.ActiveCfg = Release|Win32
		{77269102-3675-4663-9AF3-16CF29417209}.Release|Win32.Build.0 = Release|Win32
		{0F8B3E7A-EE46-4F6E-A5CC-BB78B217B9D9}.Debug|Win32.ActiveCfg = Debug|Win32
		{0F8B3E7A-EE46-4F6E-A5CC-BB78B217B9D9}.Debug|Win32.Build.0 = Debug|Win32
		{0F8B3E7A-EE46-4F6E-A5CC-BB78B217B9D9}.Release|Win32.ActiveCfg = Release|Win32
		{0F8B3E7A-EE46-4F6E-A5CC-BB78B217B9D9}.Release|Win32.Build.0 = Release|Win32
		{F76E80B0-8EDE-4FE2-8258-A9D3E84BACCB}.Debug|Win32.ActiveCfg = Debug|Win32
		{F76E80B0-8EDE-4FE2-8258-A9D3E84BACCB}.Debug|Win32.Build.0 = Debug|Win32
		{F76E80B0-8EDE-4FE2-8258-A9D3E84BACCB}.Release|Win32.ActiveCfg = Release|Win32
		{F76E80B0-8EDE-4FE2-8258-A9D3E84BACCB}.Release|Win32.Build.0 = Release|Win32
		{FACAA670-4914-4BD9-9698-02293BD89E17}.Debug|Win32.ActiveCfg = Debug|Win32
		{FACAA670-4914-4BD9-9698-02293BD89E17}.Debug|Win32.Build.0 = Debug|Win32
		{FACAA670-4914-4BD9-9698-02293BD89E17}.Release|Win32.ActiveCfg = Release|Win32
		{FACAA670-4914-4BD9-9698-02293BD89E17}.Release|Win32.Build.0 = Release|Win32
		{EB83E6CB-3840-4738-9145-0604BFF4850E}.Debug|Win32.ActiveCfg = Debug|Win32
		{EB83E6CB-3840-4738-9145-0604BFF4850E}.Debug|Win32.Build.0 = Debug|Win32
		{EB83E6CB-3840-4738-9145-0604BFF4850E}.Release|Win32.ActiveCfg = Release|Win32
		{EB83E6CB-3840-4738-9145-0604BFF4850E}.Release|Win32.Build.0 = Release|Win32
		{0FFA0D86-7563-4C02-8BE6-4A344EC4F8D2}.Debug|Win32.ActiveCfg = Debug|Win32
		{0FFA0D86-7563-4C02-8BE6-4A344EC4F8D2}.Debug|Win32.Build.0 = Debug|Win32
		{0FFA0D86-7563-4C02-8BE6-4A344EC4F8D2}.Release|Win32.ActiveCfg = Release|Win32
		{0FFA0D86-7563-4C02-8BE6-4A344EC4F8D2}.Release|Win32.Build.0 = Release|Win32
		{A36D66BF-4EAC-4CC0-8689-E21244095A5D}.Debug|Win32.ActiveCfg = Debug|Win32
		{A36D66BF-4EAC-4CC0-8689-E21244095A5D}.Debug|Win32.Build.0 = Debug|Win32
		{A36D66BF-4EAC-4CC0-8689-E21244095A5D}.Release|Win32.ActiveCfg = Release|Win32
		{A36D66BF-4EAC-4CC0-8689-E21244095A5D}.Release|Win32.Build.0 = Release|Win32
		{25B29E26-8FA0-46F7-B8FF-44DD50BB96B1}.Debug|Win32.ActiveCfg = Debug|Win32
		{25B29E26-8FA0-46F7-B8FF-44DD50BB96B1}.Debug|Win32.Build.0 = Debug|Win32
		{25B29E26-8FA0-46F7-B8FF-44DD50BB96B1}.Release|Win32.ActiveCfg = Release|Win32
		{25B29E26-8FA0-46F7-B8FF-44DD50BB96B1}.Release|Win32.Build.0 = Release|Win32
		{E6AFD5DB-178D-4C86-8D24-DBEFFF8A5C4E}.Debug|Win32.ActiveCfg = Debug|Win32
		{E6AFD5DB-178D-4C86-8D24-DBEFFF8A5C4E}.Debug|Win32.Build.0 = Debug|Win32
		{E6AFD5DB-178D-4C86-8D24-DBEFFF8A5C4E}.Release|Win32.ActiveCfg = Release|Win32
		{E6AFD5DB-178D-4C86-8D24-DBEFFF8A5C4E}.Release|Win32.Build.0 = Release|Win32
		{D94F3375-513B-4FEC-AA86-4AE1090157D9}.Debug|Win32.ActiveCfg = Debug|Win32
		{D94F3375-513B-4FEC-AA86-4AE1090157D9}.Debug|Win32.Build.0 = Debug|Win32
		{D94F3375-513B-4FEC-AA86-4AE1090157D9}.Release|Win32.ActiveCfg = Release|Win32
		{D94F3375-513B-4FEC-AA86-4AE1090157D9}.Release|Win32.Build.0 = Release|Win32
		{18342369-76CE-4112-9879-A0E1636A3EF3}.Debug|Win32.ActiveCfg = Debug|Win32
		{18342369-76CE-4112-9879-A0E1636A3EF3}.Debug|Win32.Build.0 = Debug|Win32
		{18342369-76CE-4112-9879-A0E1636A3EF3}.Release|Win32.ActiveCfg = Release|Win32
		{18342369-76CE-4112-9879-A0E1636A3EF3}.Release|Win32.Build.0 = Release|Win32
		{C0FE479C-E392-406C-AE77-2334B1215F35}.Debug|Win32.ActiveCfg = Debug|Win32
		{C0FE479C-E392-406C-AE77-2334B1215F35}.Debug|Win32.Build.0 = Debug|Win32
		{C0FE479C-E392-406C-AE77-2334B1215F35}.Release|Win32.ActiveCfg = Release|Win32
		{C0FE479C-E392-406C-AE77-2334B1215F35}.Release|Win32.Build.0 = Release|Win32
	EndGlobalSection
	GlobalSection(SolutionProperties) = preSolution
		HideSolutionNode = FALSE
	EndGlobalSection
EndGlobal
