
Microsoft Visual Studio Solution File, Format Version 12.00
# Visual Studio Version 16
VisualStudioVersion = 16.0.29613.14
MinimumVisualStudioVersion = 10.0.40219.1
Project("{8BC9CEB8-8B4A-11D0-8D11-00A0C91BC942}") = "lab3_1", "实验3\实验3.vcxproj", "{7FC3A252-3045-467E-A2E5-8E11BBD4629A}"
EndProject
Project("{8BC9CEB8-8B4A-11D0-8D11-00A0C91BC942}") = "lab3_2", "lab3_2\lab3_2.vcxproj", "{F525ADC4-CC61-40F3-9BC6-C79631A8E49A}"
EndProject
Project("{8BC9CEB8-8B4A-11D0-8D11-00A0C91BC942}") = "lab3_4", "lab3_4\lab3_4.vcxproj", "{DE4E50C3-776E-4EFF-95FF-2DE9F3D599A0}"
EndProject
Project("{8BC9CEB8-8B4A-11D0-8D11-00A0C91BC942}") = "lab3_5", "lab3_5\lab3_5.vcxproj", "{11053ACE-16A3-4BF3-BB47-B75D4F5920C5}"
EndProject
Project("{8BC9CEB8-8B4A-11D0-8D11-00A0C91BC942}") = "lab4_1", "lab4_1.cpp\lab4_1.cpp.vcxproj", "{0D2055C1-31B0-475B-905A-C4C6E1EB1EA9}"
EndProject
Project("{8BC9CEB8-8B4A-11D0-8D11-00A0C91BC942}") = "lab4_2", "lab4_2\lab4_2.vcxproj", "{25FECE8E-705C-42C1-9653-F313E02B05BA}"
EndProject
Project("{8BC9CEB8-8B4A-11D0-8D11-00A0C91BC942}") = "lab5_1", "lab5_1\lab5_1.vcxproj", "{6AC5003B-6122-40DE-A4A8-90C87418931F}"
EndProject
Project("{8BC9CEB8-8B4A-11D0-8D11-00A0C91BC942}") = "lab5_2", "lab5_2\lab5_2.vcxproj", "{9349CC60-AA57-4258-A78F-7E7116DC5A2F}"
EndProject
Project("{8BC9CEB8-8B4A-11D0-8D11-00A0C91BC942}") = "ans2_29", "ConsoleApplication1\ConsoleApplication1.vcxproj", "{C01A5770-7C94-4998-B0EA-1E63E00A3C02}"
EndProject
Project("{8BC9CEB8-8B4A-11D0-8D11-00A0C91BC942}") = "ans2_33", "ans2_33\ans2_33.vcxproj", "{658D7C28-0C56-4F6F-BE7C-2C8905DDDC79}"
EndProject
Project("{8BC9CEB8-8B4A-11D0-8D11-00A0C91BC942}") = "ans4_8", "ans4_8\ans4_8.vcxproj", "{D9ACD5BF-2C46-478C-AE35-27D26B1C2674}"
EndProject
Project("{8BC9CEB8-8B4A-11D0-8D11-00A0C91BC942}") = "ans4_9", "ans4_9\ans4_9.vcxproj", "{DC23FEB8-E1A4-4236-9084-F2530F789D31}"
EndProject
Project("{8BC9CEB8-8B4A-11D0-8D11-00A0C91BC942}") = "lab4_3", "lab4_3\lab4_3.vcxproj", "{50E2DFB2-4728-48A3-B333-15611F8EE619}"
EndProject
Project("{8BC9CEB8-8B4A-11D0-8D11-00A0C91BC942}") = "ans4_11", "ans4_11\ans4_11.vcxproj", "{9FD8996D-233A-44D5-81B0-456F255B273F}"
EndProject
Project("{8BC9CEB8-8B4A-11D0-8D11-00A0C91BC942}") = "ans4_12", "ans4_12\ans4_12.vcxproj", "{D0E14627-3109-4579-A36E-46D6E5CD2FDA}"
EndProject
Project("{8BC9CEB8-8B4A-11D0-8D11-00A0C91BC942}") = "ans4_13", "ans4_13\ans4_13.vcxproj", "{405B9D84-06AB-4B90-9E12-5C818B96451C}"
EndProject
Project("{8BC9CEB8-8B4A-11D0-8D11-00A0C91BC942}") = "ans4_14", "ans4_14\ans4_14.vcxproj", "{7F1ADE2D-E20E-4AD4-85AE-20BA76FC53A5}"
EndProject
Project("{8BC9CEB8-8B4A-11D0-8D11-00A0C91BC942}") = "ans4_19", "ans4_19\ans4_19.vcxproj", "{303ACD6F-0F7C-4820-B182-58E631F1092B}"
EndProject
Project("{8BC9CEB8-8B4A-11D0-8D11-00A0C91BC942}") = "ans4_20", "ans4_20\ans4_20.vcxproj", "{4F066DAA-B810-41FC-B21F-8341C10DA725}"
EndProject
Project("{8BC9CEB8-8B4A-11D0-8D11-00A0C91BC942}") = "Project1", "Project1\Project1.vcxproj", "{6BC02FA3-7AF2-47BA-875A-5E52E22FCFB3}"
EndProject
Global
	GlobalSection(SolutionConfigurationPlatforms) = preSolution
		Debug|Win32 = Debug|Win32
		Debug|x64 = Debug|x64
		Release|Win32 = Release|Win32
		Release|x64 = Release|x64
	EndGlobalSection
	GlobalSection(ProjectConfigurationPlatforms) = postSolution
		{7FC3A252-3045-467E-A2E5-8E11BBD4629A}.Debug|Win32.ActiveCfg = Debug|Win32
		{7FC3A252-3045-467E-A2E5-8E11BBD4629A}.Debug|Win32.Build.0 = Debug|Win32
		{7FC3A252-3045-467E-A2E5-8E11BBD4629A}.Debug|x64.ActiveCfg = Debug|Win32
		{7FC3A252-3045-467E-A2E5-8E11BBD4629A}.Release|Win32.ActiveCfg = Release|Win32
		{7FC3A252-3045-467E-A2E5-8E11BBD4629A}.Release|Win32.Build.0 = Release|Win32
		{7FC3A252-3045-467E-A2E5-8E11BBD4629A}.Release|x64.ActiveCfg = Release|Win32
		{F525ADC4-CC61-40F3-9BC6-C79631A8E49A}.Debug|Win32.ActiveCfg = Debug|Win32
		{F525ADC4-CC61-40F3-9BC6-C79631A8E49A}.Debug|Win32.Build.0 = Debug|Win32
		{F525ADC4-CC61-40F3-9BC6-C79631A8E49A}.Debug|x64.ActiveCfg = Debug|Win32
		{F525ADC4-CC61-40F3-9BC6-C79631A8E49A}.Release|Win32.ActiveCfg = Release|Win32
		{F525ADC4-CC61-40F3-9BC6-C79631A8E49A}.Release|Win32.Build.0 = Release|Win32
		{F525ADC4-CC61-40F3-9BC6-C79631A8E49A}.Release|x64.ActiveCfg = Release|Win32
		{DE4E50C3-776E-4EFF-95FF-2DE9F3D599A0}.Debug|Win32.ActiveCfg = Debug|Win32
		{DE4E50C3-776E-4EFF-95FF-2DE9F3D599A0}.Debug|Win32.Build.0 = Debug|Win32
		{DE4E50C3-776E-4EFF-95FF-2DE9F3D599A0}.Debug|x64.ActiveCfg = Debug|Win32
		{DE4E50C3-776E-4EFF-95FF-2DE9F3D599A0}.Release|Win32.ActiveCfg = Release|Win32
		{DE4E50C3-776E-4EFF-95FF-2DE9F3D599A0}.Release|Win32.Build.0 = Release|Win32
		{DE4E50C3-776E-4EFF-95FF-2DE9F3D599A0}.Release|x64.ActiveCfg = Release|Win32
		{11053ACE-16A3-4BF3-BB47-B75D4F5920C5}.Debug|Win32.ActiveCfg = Debug|Win32
		{11053ACE-16A3-4BF3-BB47-B75D4F5920C5}.Debug|Win32.Build.0 = Debug|Win32
		{11053ACE-16A3-4BF3-BB47-B75D4F5920C5}.Debug|x64.ActiveCfg = Debug|Win32
		{11053ACE-16A3-4BF3-BB47-B75D4F5920C5}.Release|Win32.ActiveCfg = Release|Win32
		{11053ACE-16A3-4BF3-BB47-B75D4F5920C5}.Release|Win32.Build.0 = Release|Win32
		{11053ACE-16A3-4BF3-BB47-B75D4F5920C5}.Release|x64.ActiveCfg = Release|Win32
		{0D2055C1-31B0-475B-905A-C4C6E1EB1EA9}.Debug|Win32.ActiveCfg = Debug|Win32
		{0D2055C1-31B0-475B-905A-C4C6E1EB1EA9}.Debug|Win32.Build.0 = Debug|Win32
		{0D2055C1-31B0-475B-905A-C4C6E1EB1EA9}.Debug|x64.ActiveCfg = Debug|Win32
		{0D2055C1-31B0-475B-905A-C4C6E1EB1EA9}.Release|Win32.ActiveCfg = Release|Win32
		{0D2055C1-31B0-475B-905A-C4C6E1EB1EA9}.Release|Win32.Build.0 = Release|Win32
		{0D2055C1-31B0-475B-905A-C4C6E1EB1EA9}.Release|x64.ActiveCfg = Release|Win32
		{25FECE8E-705C-42C1-9653-F313E02B05BA}.Debug|Win32.ActiveCfg = Debug|Win32
		{25FECE8E-705C-42C1-9653-F313E02B05BA}.Debug|Win32.Build.0 = Debug|Win32
		{25FECE8E-705C-42C1-9653-F313E02B05BA}.Debug|x64.ActiveCfg = Debug|Win32
		{25FECE8E-705C-42C1-9653-F313E02B05BA}.Release|Win32.ActiveCfg = Release|Win32
		{25FECE8E-705C-42C1-9653-F313E02B05BA}.Release|Win32.Build.0 = Release|Win32
		{25FECE8E-705C-42C1-9653-F313E02B05BA}.Release|x64.ActiveCfg = Release|Win32
		{6AC5003B-6122-40DE-A4A8-90C87418931F}.Debug|Win32.ActiveCfg = Debug|Win32
		{6AC5003B-6122-40DE-A4A8-90C87418931F}.Debug|Win32.Build.0 = Debug|Win32
		{6AC5003B-6122-40DE-A4A8-90C87418931F}.Debug|x64.ActiveCfg = Debug|Win32
		{6AC5003B-6122-40DE-A4A8-90C87418931F}.Release|Win32.ActiveCfg = Release|Win32
		{6AC5003B-6122-40DE-A4A8-90C87418931F}.Release|Win32.Build.0 = Release|Win32
		{6AC5003B-6122-40DE-A4A8-90C87418931F}.Release|x64.ActiveCfg = Release|Win32
		{9349CC60-AA57-4258-A78F-7E7116DC5A2F}.Debug|Win32.ActiveCfg = Debug|Win32
		{9349CC60-AA57-4258-A78F-7E7116DC5A2F}.Debug|Win32.Build.0 = Debug|Win32
		{9349CC60-AA57-4258-A78F-7E7116DC5A2F}.Debug|x64.ActiveCfg = Debug|Win32
		{9349CC60-AA57-4258-A78F-7E7116DC5A2F}.Release|Win32.ActiveCfg = Release|Win32
		{9349CC60-AA57-4258-A78F-7E7116DC5A2F}.Release|Win32.Build.0 = Release|Win32
		{9349CC60-AA57-4258-A78F-7E7116DC5A2F}.Release|x64.ActiveCfg = Release|Win32
		{C01A5770-7C94-4998-B0EA-1E63E00A3C02}.Debug|Win32.ActiveCfg = Debug|Win32
		{C01A5770-7C94-4998-B0EA-1E63E00A3C02}.Debug|Win32.Build.0 = Debug|Win32
		{C01A5770-7C94-4998-B0EA-1E63E00A3C02}.Debug|x64.ActiveCfg = Debug|x64
		{C01A5770-7C94-4998-B0EA-1E63E00A3C02}.Debug|x64.Build.0 = Debug|x64
		{C01A5770-7C94-4998-B0EA-1E63E00A3C02}.Release|Win32.ActiveCfg = Release|Win32
		{C01A5770-7C94-4998-B0EA-1E63E00A3C02}.Release|Win32.Build.0 = Release|Win32
		{C01A5770-7C94-4998-B0EA-1E63E00A3C02}.Release|x64.ActiveCfg = Release|x64
		{C01A5770-7C94-4998-B0EA-1E63E00A3C02}.Release|x64.Build.0 = Release|x64
		{658D7C28-0C56-4F6F-BE7C-2C8905DDDC79}.Debug|Win32.ActiveCfg = Debug|Win32
		{658D7C28-0C56-4F6F-BE7C-2C8905DDDC79}.Debug|Win32.Build.0 = Debug|Win32
		{658D7C28-0C56-4F6F-BE7C-2C8905DDDC79}.Debug|x64.ActiveCfg = Debug|x64
		{658D7C28-0C56-4F6F-BE7C-2C8905DDDC79}.Debug|x64.Build.0 = Debug|x64
		{658D7C28-0C56-4F6F-BE7C-2C8905DDDC79}.Release|Win32.ActiveCfg = Release|Win32
		{658D7C28-0C56-4F6F-BE7C-2C8905DDDC79}.Release|Win32.Build.0 = Release|Win32
		{658D7C28-0C56-4F6F-BE7C-2C8905DDDC79}.Release|x64.ActiveCfg = Release|x64
		{658D7C28-0C56-4F6F-BE7C-2C8905DDDC79}.Release|x64.Build.0 = Release|x64
		{D9ACD5BF-2C46-478C-AE35-27D26B1C2674}.Debug|Win32.ActiveCfg = Debug|Win32
		{D9ACD5BF-2C46-478C-AE35-27D26B1C2674}.Debug|Win32.Build.0 = Debug|Win32
		{D9ACD5BF-2C46-478C-AE35-27D26B1C2674}.Debug|x64.ActiveCfg = Debug|x64
		{D9ACD5BF-2C46-478C-AE35-27D26B1C2674}.Debug|x64.Build.0 = Debug|x64
		{D9ACD5BF-2C46-478C-AE35-27D26B1C2674}.Release|Win32.ActiveCfg = Release|Win32
		{D9ACD5BF-2C46-478C-AE35-27D26B1C2674}.Release|Win32.Build.0 = Release|Win32
		{D9ACD5BF-2C46-478C-AE35-27D26B1C2674}.Release|x64.ActiveCfg = Release|x64
		{D9ACD5BF-2C46-478C-AE35-27D26B1C2674}.Release|x64.Build.0 = Release|x64
		{DC23FEB8-E1A4-4236-9084-F2530F789D31}.Debug|Win32.ActiveCfg = Debug|Win32
		{DC23FEB8-E1A4-4236-9084-F2530F789D31}.Debug|Win32.Build.0 = Debug|Win32
		{DC23FEB8-E1A4-4236-9084-F2530F789D31}.Debug|x64.ActiveCfg = Debug|x64
		{DC23FEB8-E1A4-4236-9084-F2530F789D31}.Debug|x64.Build.0 = Debug|x64
		{DC23FEB8-E1A4-4236-9084-F2530F789D31}.Release|Win32.ActiveCfg = Release|Win32
		{DC23FEB8-E1A4-4236-9084-F2530F789D31}.Release|Win32.Build.0 = Release|Win32
		{DC23FEB8-E1A4-4236-9084-F2530F789D31}.Release|x64.ActiveCfg = Release|x64
		{DC23FEB8-E1A4-4236-9084-F2530F789D31}.Release|x64.Build.0 = Release|x64
		{50E2DFB2-4728-48A3-B333-15611F8EE619}.Debug|Win32.ActiveCfg = Debug|Win32
		{50E2DFB2-4728-48A3-B333-15611F8EE619}.Debug|Win32.Build.0 = Debug|Win32
		{50E2DFB2-4728-48A3-B333-15611F8EE619}.Debug|x64.ActiveCfg = Debug|x64
		{50E2DFB2-4728-48A3-B333-15611F8EE619}.Debug|x64.Build.0 = Debug|x64
		{50E2DFB2-4728-48A3-B333-15611F8EE619}.Release|Win32.ActiveCfg = Release|Win32
		{50E2DFB2-4728-48A3-B333-15611F8EE619}.Release|Win32.Build.0 = Release|Win32
		{50E2DFB2-4728-48A3-B333-15611F8EE619}.Release|x64.ActiveCfg = Release|x64
		{50E2DFB2-4728-48A3-B333-15611F8EE619}.Release|x64.Build.0 = Release|x64
		{9FD8996D-233A-44D5-81B0-456F255B273F}.Debug|Win32.ActiveCfg = Debug|Win32
		{9FD8996D-233A-44D5-81B0-456F255B273F}.Debug|Win32.Build.0 = Debug|Win32
		{9FD8996D-233A-44D5-81B0-456F255B273F}.Debug|x64.ActiveCfg = Debug|x64
		{9FD8996D-233A-44D5-81B0-456F255B273F}.Debug|x64.Build.0 = Debug|x64
		{9FD8996D-233A-44D5-81B0-456F255B273F}.Release|Win32.ActiveCfg = Release|Win32
		{9FD8996D-233A-44D5-81B0-456F255B273F}.Release|Win32.Build.0 = Release|Win32
		{9FD8996D-233A-44D5-81B0-456F255B273F}.Release|x64.ActiveCfg = Release|x64
		{9FD8996D-233A-44D5-81B0-456F255B273F}.Release|x64.Build.0 = Release|x64
		{D0E14627-3109-4579-A36E-46D6E5CD2FDA}.Debug|Win32.ActiveCfg = Debug|Win32
		{D0E14627-3109-4579-A36E-46D6E5CD2FDA}.Debug|Win32.Build.0 = Debug|Win32
		{D0E14627-3109-4579-A36E-46D6E5CD2FDA}.Debug|x64.ActiveCfg = Debug|x64
		{D0E14627-3109-4579-A36E-46D6E5CD2FDA}.Debug|x64.Build.0 = Debug|x64
		{D0E14627-3109-4579-A36E-46D6E5CD2FDA}.Release|Win32.ActiveCfg = Release|Win32
		{D0E14627-3109-4579-A36E-46D6E5CD2FDA}.Release|Win32.Build.0 = Release|Win32
		{D0E14627-3109-4579-A36E-46D6E5CD2FDA}.Release|x64.ActiveCfg = Release|x64
		{D0E14627-3109-4579-A36E-46D6E5CD2FDA}.Release|x64.Build.0 = Release|x64
		{405B9D84-06AB-4B90-9E12-5C818B96451C}.Debug|Win32.ActiveCfg = Debug|Win32
		{405B9D84-06AB-4B90-9E12-5C818B96451C}.Debug|Win32.Build.0 = Debug|Win32
		{405B9D84-06AB-4B90-9E12-5C818B96451C}.Debug|x64.ActiveCfg = Debug|x64
		{405B9D84-06AB-4B90-9E12-5C818B96451C}.Debug|x64.Build.0 = Debug|x64
		{405B9D84-06AB-4B90-9E12-5C818B96451C}.Release|Win32.ActiveCfg = Release|Win32
		{405B9D84-06AB-4B90-9E12-5C818B96451C}.Release|Win32.Build.0 = Release|Win32
		{405B9D84-06AB-4B90-9E12-5C818B96451C}.Release|x64.ActiveCfg = Release|x64
		{405B9D84-06AB-4B90-9E12-5C818B96451C}.Release|x64.Build.0 = Release|x64
		{7F1ADE2D-E20E-4AD4-85AE-20BA76FC53A5}.Debug|Win32.ActiveCfg = Debug|Win32
		{7F1ADE2D-E20E-4AD4-85AE-20BA76FC53A5}.Debug|Win32.Build.0 = Debug|Win32
		{7F1ADE2D-E20E-4AD4-85AE-20BA76FC53A5}.Debug|x64.ActiveCfg = Debug|x64
		{7F1ADE2D-E20E-4AD4-85AE-20BA76FC53A5}.Debug|x64.Build.0 = Debug|x64
		{7F1ADE2D-E20E-4AD4-85AE-20BA76FC53A5}.Release|Win32.ActiveCfg = Release|Win32
		{7F1ADE2D-E20E-4AD4-85AE-20BA76FC53A5}.Release|Win32.Build.0 = Release|Win32
		{7F1ADE2D-E20E-4AD4-85AE-20BA76FC53A5}.Release|x64.ActiveCfg = Release|x64
		{7F1ADE2D-E20E-4AD4-85AE-20BA76FC53A5}.Release|x64.Build.0 = Release|x64
		{303ACD6F-0F7C-4820-B182-58E631F1092B}.Debug|Win32.ActiveCfg = Debug|Win32
		{303ACD6F-0F7C-4820-B182-58E631F1092B}.Debug|Win32.Build.0 = Debug|Win32
		{303ACD6F-0F7C-4820-B182-58E631F1092B}.Debug|x64.ActiveCfg = Debug|x64
		{303ACD6F-0F7C-4820-B182-58E631F1092B}.Debug|x64.Build.0 = Debug|x64
		{303ACD6F-0F7C-4820-B182-58E631F1092B}.Release|Win32.ActiveCfg = Release|Win32
		{303ACD6F-0F7C-4820-B182-58E631F1092B}.Release|Win32.Build.0 = Release|Win32
		{303ACD6F-0F7C-4820-B182-58E631F1092B}.Release|x64.ActiveCfg = Release|x64
		{303ACD6F-0F7C-4820-B182-58E631F1092B}.Release|x64.Build.0 = Release|x64
		{4F066DAA-B810-41FC-B21F-8341C10DA725}.Debug|Win32.ActiveCfg = Debug|Win32
		{4F066DAA-B810-41FC-B21F-8341C10DA725}.Debug|Win32.Build.0 = Debug|Win32
		{4F066DAA-B810-41FC-B21F-8341C10DA725}.Debug|x64.ActiveCfg = Debug|x64
		{4F066DAA-B810-41FC-B21F-8341C10DA725}.Debug|x64.Build.0 = Debug|x64
		{4F066DAA-B810-41FC-B21F-8341C10DA725}.Release|Win32.ActiveCfg = Release|Win32
		{4F066DAA-B810-41FC-B21F-8341C10DA725}.Release|Win32.Build.0 = Release|Win32
		{4F066DAA-B810-41FC-B21F-8341C10DA725}.Release|x64.ActiveCfg = Release|x64
		{4F066DAA-B810-41FC-B21F-8341C10DA725}.Release|x64.Build.0 = Release|x64
		{6BC02FA3-7AF2-47BA-875A-5E52E22FCFB3}.Debug|Win32.ActiveCfg = Debug|Win32
		{6BC02FA3-7AF2-47BA-875A-5E52E22FCFB3}.Debug|Win32.Build.0 = Debug|Win32
		{6BC02FA3-7AF2-47BA-875A-5E52E22FCFB3}.Debug|x64.ActiveCfg = Debug|x64
		{6BC02FA3-7AF2-47BA-875A-5E52E22FCFB3}.Debug|x64.Build.0 = Debug|x64
		{6BC02FA3-7AF2-47BA-875A-5E52E22FCFB3}.Release|Win32.ActiveCfg = Release|Win32
		{6BC02FA3-7AF2-47BA-875A-5E52E22FCFB3}.Release|Win32.Build.0 = Release|Win32
		{6BC02FA3-7AF2-47BA-875A-5E52E22FCFB3}.Release|x64.ActiveCfg = Release|x64
		{6BC02FA3-7AF2-47BA-875A-5E52E22FCFB3}.Release|x64.Build.0 = Release|x64
	EndGlobalSection
	GlobalSection(SolutionProperties) = preSolution
		HideSolutionNode = FALSE
	EndGlobalSection
	GlobalSection(ExtensibilityGlobals) = postSolution
		SolutionGuid = {1F8DCE4D-A1B6-4B05-B225-21B8FDDF5231}
	EndGlobalSection
EndGlobal
